// !$*UTF8*$!
{
	archiveVersion = 1;
	classes = {
	};
	objectVersion = 55;
	objects = {

/* Begin PBXBuildFile section */
		5750491828CF6B320008F11D /* AppDelegate.swift in Sources */ = {isa = PBXBuildFile; fileRef = 5750491728CF6B320008F11D /* AppDelegate.swift */; };
		5750491A28CF6B320008F11D /* SceneDelegate.swift in Sources */ = {isa = PBXBuildFile; fileRef = 5750491928CF6B320008F11D /* SceneDelegate.swift */; };
		5750491C28CF6B320008F11D /* WelcomeViewController.swift in Sources */ = {isa = PBXBuildFile; fileRef = 5750491B28CF6B320008F11D /* WelcomeViewController.swift */; };
		5750491F28CF6B320008F11D /* Main.storyboard in Resources */ = {isa = PBXBuildFile; fileRef = 5750491D28CF6B320008F11D /* Main.storyboard */; };
		5750492228CF6B320008F11D /* Tiny_Chat.xcdatamodeld in Sources */ = {isa = PBXBuildFile; fileRef = 5750492028CF6B320008F11D /* Tiny_Chat.xcdatamodeld */; };
		5750492428CF6B320008F11D /* Assets.xcassets in Resources */ = {isa = PBXBuildFile; fileRef = 5750492328CF6B320008F11D /* Assets.xcassets */; };
		5750492728CF6B320008F11D /* LaunchScreen.storyboard in Resources */ = {isa = PBXBuildFile; fileRef = 5750492528CF6B320008F11D /* LaunchScreen.storyboard */; };
		5750492F28D071B80008F11D /* GoogleService-Info.plist in Resources */ = {isa = PBXBuildFile; fileRef = 5750492E28D071B80008F11D /* GoogleService-Info.plist */; };
		5750493B28D074B30008F11D /* LogInViewController.swift in Sources */ = {isa = PBXBuildFile; fileRef = 5750493A28D074B30008F11D /* LogInViewController.swift */; };
		5750493D28D074C80008F11D /* RegisterViewController.swift in Sources */ = {isa = PBXBuildFile; fileRef = 5750493C28D074C80008F11D /* RegisterViewController.swift */; };
		5750493F28D074D80008F11D /* ChatViewController.swift in Sources */ = {isa = PBXBuildFile; fileRef = 5750493E28D074D80008F11D /* ChatViewController.swift */; };
		5750494328D307EE0008F11D /* Constants.swift in Sources */ = {isa = PBXBuildFile; fileRef = 5750494228D307EE0008F11D /* Constants.swift */; };
		5750494528D313310008F11D /* Message.swift in Sources */ = {isa = PBXBuildFile; fileRef = 5750494428D313310008F11D /* Message.swift */; };
		5750494828D31EE40008F11D /* MessageCell.swift in Sources */ = {isa = PBXBuildFile; fileRef = 5750494628D31EE40008F11D /* MessageCell.swift */; };
		5750494928D31EE40008F11D /* MessageCell.xib in Resources */ = {isa = PBXBuildFile; fileRef = 5750494728D31EE40008F11D /* MessageCell.xib */; };
		57FDD43628DAF72F00289ADC /* IQKeyboardManagerSwift in Frameworks */ = {isa = PBXBuildFile; productRef = 57FDD43528DAF72F00289ADC /* IQKeyboardManagerSwift */; };
		57FDD43928DAF79500289ADC /* FirebaseAnalytics in Frameworks */ = {isa = PBXBuildFile; productRef = 57FDD43828DAF79500289ADC /* FirebaseAnalytics */; };
		57FDD43B28DAF79500289ADC /* FirebaseAnalyticsSwift in Frameworks */ = {isa = PBXBuildFile; productRef = 57FDD43A28DAF79500289ADC /* FirebaseAnalyticsSwift */; };
		57FDD43D28DAF79500289ADC /* FirebaseAuth in Frameworks */ = {isa = PBXBuildFile; productRef = 57FDD43C28DAF79500289ADC /* FirebaseAuth */; };
		57FDD43F28DAF79500289ADC /* FirebaseDatabase in Frameworks */ = {isa = PBXBuildFile; productRef = 57FDD43E28DAF79500289ADC /* FirebaseDatabase */; };
		57FDD44128DAF79500289ADC /* FirebaseDatabaseSwift in Frameworks */ = {isa = PBXBuildFile; productRef = 57FDD44028DAF79500289ADC /* FirebaseDatabaseSwift */; };
		57FDD44328DAF79500289ADC /* FirebaseFirestore in Frameworks */ = {isa = PBXBuildFile; productRef = 57FDD44228DAF79500289ADC /* FirebaseFirestore */; };
		57FDD44528DAF79500289ADC /* FirebaseFirestoreSwift in Frameworks */ = {isa = PBXBuildFile; productRef = 57FDD44428DAF79500289ADC /* FirebaseFirestoreSwift */; };
		57FDD44728DAF79500289ADC /* FirebaseMessaging in Frameworks */ = {isa = PBXBuildFile; productRef = 57FDD44628DAF79500289ADC /* FirebaseMessaging */; };
		57FDD44928DAF79500289ADC /* FirebaseStorage in Frameworks */ = {isa = PBXBuildFile; productRef = 57FDD44828DAF79500289ADC /* FirebaseStorage */; };
/* End PBXBuildFile section */

/* Begin PBXFileReference section */
		5750491428CF6B320008F11D /* Tiny Chat.app */ = {isa = PBXFileReference; explicitFileType = wrapper.application; includeInIndex = 0; path = "Tiny Chat.app"; sourceTree = BUILT_PRODUCTS_DIR; };
		5750491728CF6B320008F11D /* AppDelegate.swift */ = {isa = PBXFileReference; lastKnownFileType = sourcecode.swift; path = AppDelegate.swift; sourceTree = "<group>"; };
		5750491928CF6B320008F11D /* SceneDelegate.swift */ = {isa = PBXFileReference; lastKnownFileType = sourcecode.swift; path = SceneDelegate.swift; sourceTree = "<group>"; };
		5750491B28CF6B320008F11D /* WelcomeViewController.swift */ = {isa = PBXFileReference; lastKnownFileType = sourcecode.swift; path = WelcomeViewController.swift; sourceTree = "<group>"; };
		5750491E28CF6B320008F11D /* Base */ = {isa = PBXFileReference; lastKnownFileType = file.storyboard; name = Base; path = Base.lproj/Main.storyboard; sourceTree = "<group>"; };
		5750492128CF6B320008F11D /* Tiny_Chat.xcdatamodel */ = {isa = PBXFileReference; lastKnownFileType = wrapper.xcdatamodel; path = Tiny_Chat.xcdatamodel; sourceTree = "<group>"; };
		5750492328CF6B320008F11D /* Assets.xcassets */ = {isa = PBXFileReference; lastKnownFileType = folder.assetcatalog; path = Assets.xcassets; sourceTree = "<group>"; };
		5750492628CF6B320008F11D /* Base */ = {isa = PBXFileReference; lastKnownFileType = file.storyboard; name = Base; path = Base.lproj/LaunchScreen.storyboard; sourceTree = "<group>"; };
		5750492828CF6B320008F11D /* Info.plist */ = {isa = PBXFileReference; lastKnownFileType = text.plist.xml; path = Info.plist; sourceTree = "<group>"; };
		5750492E28D071B80008F11D /* GoogleService-Info.plist */ = {isa = PBXFileReference; fileEncoding = 4; lastKnownFileType = text.plist.xml; path = "GoogleService-Info.plist"; sourceTree = "<group>"; };
		5750493A28D074B30008F11D /* LogInViewController.swift */ = {isa = PBXFileReference; lastKnownFileType = sourcecode.swift; path = LogInViewController.swift; sourceTree = "<group>"; };
		5750493C28D074C80008F11D /* RegisterViewController.swift */ = {isa = PBXFileReference; lastKnownFileType = sourcecode.swift; path = RegisterViewController.swift; sourceTree = "<group>"; };
		5750493E28D074D80008F11D /* ChatViewController.swift */ = {isa = PBXFileReference; lastKnownFileType = sourcecode.swift; path = ChatViewController.swift; sourceTree = "<group>"; };
		5750494228D307EE0008F11D /* Constants.swift */ = {isa = PBXFileReference; lastKnownFileType = sourcecode.swift; path = Constants.swift; sourceTree = "<group>"; };
		5750494428D313310008F11D /* Message.swift */ = {isa = PBXFileReference; lastKnownFileType = sourcecode.swift; path = Message.swift; sourceTree = "<group>"; };
		5750494628D31EE40008F11D /* MessageCell.swift */ = {isa = PBXFileReference; lastKnownFileType = sourcecode.swift; path = MessageCell.swift; sourceTree = "<group>"; };
		5750494728D31EE40008F11D /* MessageCell.xib */ = {isa = PBXFileReference; lastKnownFileType = file.xib; path = MessageCell.xib; sourceTree = "<group>"; };
/* End PBXFileReference section */

/* Begin PBXFrameworksBuildPhase section */
		5750491128CF6B320008F11D /* Frameworks */ = {
			isa = PBXFrameworksBuildPhase;
			buildActionMask = 2147483647;
			files = (
				57FDD44728DAF79500289ADC /* FirebaseMessaging in Frameworks */,
				57FDD44128DAF79500289ADC /* FirebaseDatabaseSwift in Frameworks */,
				57FDD43F28DAF79500289ADC /* FirebaseDatabase in Frameworks */,
				57FDD44928DAF79500289ADC /* FirebaseStorage in Frameworks */,
				57FDD43B28DAF79500289ADC /* FirebaseAnalyticsSwift in Frameworks */,
				57FDD43928DAF79500289ADC /* FirebaseAnalytics in Frameworks */,
				57FDD43628DAF72F00289ADC /* IQKeyboardManagerSwift in Frameworks */,
				57FDD43D28DAF79500289ADC /* FirebaseAuth in Frameworks */,
				57FDD44328DAF79500289ADC /* FirebaseFirestore in Frameworks */,
				57FDD44528DAF79500289ADC /* FirebaseFirestoreSwift in Frameworks */,
			);
			runOnlyForDeploymentPostprocessing = 0;
		};
/* End PBXFrameworksBuildPhase section */

/* Begin PBXGroup section */
		5750490B28CF6B320008F11D = {
			isa = PBXGroup;
			children = (
				5750491628CF6B320008F11D /* Tiny Chat */,
				5750491528CF6B320008F11D /* Products */,
			);
			sourceTree = "<group>";
		};
		5750491528CF6B320008F11D /* Products */ = {
			isa = PBXGroup;
			children = (
				5750491428CF6B320008F11D /* Tiny Chat.app */,
			);
			name = Products;
			sourceTree = "<group>";
		};
		5750491628CF6B320008F11D /* Tiny Chat */ = {
			isa = PBXGroup;
			children = (
				5750491728CF6B320008F11D /* AppDelegate.swift */,
				5750491928CF6B320008F11D /* SceneDelegate.swift */,
				5750493728D074800008F11D /* Models */,
				5750493628D0747B0008F11D /* Views */,
				5750493528D074700008F11D /* Controllers */,
				5750492328CF6B320008F11D /* Assets.xcassets */,
				5750492828CF6B320008F11D /* Info.plist */,
				5750492E28D071B80008F11D /* GoogleService-Info.plist */,
				5750492028CF6B320008F11D /* Tiny_Chat.xcdatamodeld */,
				5750494228D307EE0008F11D /* Constants.swift */,
			);
			path = "Tiny Chat";
			sourceTree = "<group>";
		};
		5750493528D074700008F11D /* Controllers */ = {
			isa = PBXGroup;
			children = (
				5750491B28CF6B320008F11D /* WelcomeViewController.swift */,
				5750493A28D074B30008F11D /* LogInViewController.swift */,
				5750493C28D074C80008F11D /* RegisterViewController.swift */,
				5750493E28D074D80008F11D /* ChatViewController.swift */,
			);
			path = Controllers;
			sourceTree = "<group>";
		};
		5750493628D0747B0008F11D /* Views */ = {
			isa = PBXGroup;
			children = (
				5750491D28CF6B320008F11D /* Main.storyboard */,
				5750492528CF6B320008F11D /* LaunchScreen.storyboard */,
				5750494628D31EE40008F11D /* MessageCell.swift */,
				5750494728D31EE40008F11D /* MessageCell.xib */,
			);
			path = Views;
			sourceTree = "<group>";
		};
		5750493728D074800008F11D /* Models */ = {
			isa = PBXGroup;
			children = (
				5750494428D313310008F11D /* Message.swift */,
			);
			path = Models;
			sourceTree = "<group>";
		};
/* End PBXGroup section */

/* Begin PBXNativeTarget section */
		5750491328CF6B320008F11D /* Tiny Chat */ = {
			isa = PBXNativeTarget;
			buildConfigurationList = 5750492B28CF6B320008F11D /* Build configuration list for PBXNativeTarget "Tiny Chat" */;
			buildPhases = (
				5750491028CF6B320008F11D /* Sources */,
				5750491128CF6B320008F11D /* Frameworks */,
				5750491228CF6B320008F11D /* Resources */,
			);
			buildRules = (
			);
			dependencies = (
			);
			name = "Tiny Chat";
			packageProductDependencies = (
				57FDD43528DAF72F00289ADC /* IQKeyboardManagerSwift */,
				57FDD43828DAF79500289ADC /* FirebaseAnalytics */,
				57FDD43A28DAF79500289ADC /* FirebaseAnalyticsSwift */,
				57FDD43C28DAF79500289ADC /* FirebaseAuth */,
				57FDD43E28DAF79500289ADC /* FirebaseDatabase */,
				57FDD44028DAF79500289ADC /* FirebaseDatabaseSwift */,
				57FDD44228DAF79500289ADC /* FirebaseFirestore */,
				57FDD44428DAF79500289ADC /* FirebaseFirestoreSwift */,
				57FDD44628DAF79500289ADC /* FirebaseMessaging */,
				57FDD44828DAF79500289ADC /* FirebaseStorage */,
			);
			productName = "Tiny Chat";
			productReference = 5750491428CF6B320008F11D /* Tiny Chat.app */;
			productType = "com.apple.product-type.application";
		};
/* End PBXNativeTarget section */

/* Begin PBXProject section */
		5750490C28CF6B320008F11D /* Project object */ = {
			isa = PBXProject;
			attributes = {
				BuildIndependentTargetsInParallel = 1;
				LastSwiftUpdateCheck = 1340;
				LastUpgradeCheck = 1340;
				TargetAttributes = {
					5750491328CF6B320008F11D = {
						CreatedOnToolsVersion = 13.4.1;
					};
				};
			};
			buildConfigurationList = 5750490F28CF6B320008F11D /* Build configuration list for PBXProject "Tiny Chat" */;
			compatibilityVersion = "Xcode 13.0";
			developmentRegion = en;
			hasScannedForEncodings = 0;
			knownRegions = (
				en,
				Base,
			);
			mainGroup = 5750490B28CF6B320008F11D;
			packageReferences = (
				57FDD43428DAF72F00289ADC /* XCRemoteSwiftPackageReference "IQKeyboardManager" */,
				57FDD43728DAF79500289ADC /* XCRemoteSwiftPackageReference "firebase-ios-sdk" */,
			);
			productRefGroup = 5750491528CF6B320008F11D /* Products */;
			projectDirPath = "";
			projectRoot = "";
			targets = (
				5750491328CF6B320008F11D /* Tiny Chat */,
			);
		};
/* End PBXProject section */

/* Begin PBXResourcesBuildPhase section */
		5750491228CF6B320008F11D /* Resources */ = {
			isa = PBXResourcesBuildPhase;
			buildActionMask = 2147483647;
			files = (
				5750494928D31EE40008F11D /* MessageCell.xib in Resources */,
				5750492728CF6B320008F11D /* LaunchScreen.storyboard in Resources */,
				5750492F28D071B80008F11D /* GoogleService-Info.plist in Resources */,
				5750492428CF6B320008F11D /* Assets.xcassets in Resources */,
				5750491F28CF6B320008F11D /* Main.storyboard in Resources */,
			);
			runOnlyForDeploymentPostprocessing = 0;
		};
/* End PBXResourcesBuildPhase section */

/* Begin PBXSourcesBuildPhase section */
		5750491028CF6B320008F11D /* Sources */ = {
			isa = PBXSourcesBuildPhase;
			buildActionMask = 2147483647;
			files = (
				5750491C28CF6B320008F11D /* WelcomeViewController.swift in Sources */,
				5750494828D31EE40008F11D /* MessageCell.swift in Sources */,
				5750492228CF6B320008F11D /* Tiny_Chat.xcdatamodeld in Sources */,
				5750491828CF6B320008F11D /* AppDelegate.swift in Sources */,
				5750494528D313310008F11D /* Message.swift in Sources */,
				5750493F28D074D80008F11D /* ChatViewController.swift in Sources */,
				5750493D28D074C80008F11D /* RegisterViewController.swift in Sources */,
				5750493B28D074B30008F11D /* LogInViewController.swift in Sources */,
				5750491A28CF6B320008F11D /* SceneDelegate.swift in Sources */,
				5750494328D307EE0008F11D /* Constants.swift in Sources */,
			);
			runOnlyForDeploymentPostprocessing = 0;
		};
/* End PBXSourcesBuildPhase section */

/* Begin PBXVariantGroup section */
		5750491D28CF6B320008F11D /* Main.storyboard */ = {
			isa = PBXVariantGroup;
			children = (
				5750491E28CF6B320008F11D /* Base */,
			);
			name = Main.storyboard;
			sourceTree = "<group>";
		};
		5750492528CF6B320008F11D /* LaunchScreen.storyboard */ = {
			isa = PBXVariantGroup;
			children = (
				5750492628CF6B320008F11D /* Base */,
			);
			name = LaunchScreen.storyboard;
			sourceTree = "<group>";
		};
/* End PBXVariantGroup section */

/* Begin XCBuildConfiguration section */
		5750492928CF6B320008F11D /* Debug */ = {
			isa = XCBuildConfiguration;
			buildSettings = {
				ALWAYS_SEARCH_USER_PATHS = NO;
				CLANG_ANALYZER_NONNULL = YES;
				CLANG_ANALYZER_NUMBER_OBJECT_CONVERSION = YES_AGGRESSIVE;
				CLANG_CXX_LANGUAGE_STANDARD = "gnu++17";
				CLANG_ENABLE_MODULES = YES;
				CLANG_ENABLE_OBJC_ARC = YES;
				CLANG_ENABLE_OBJC_WEAK = YES;
				CLANG_WARN_BLOCK_CAPTURE_AUTORELEASING = YES;
				CLANG_WARN_BOOL_CONVERSION = YES;
				CLANG_WARN_COMMA = YES;
				CLANG_WARN_CONSTANT_CONVERSION = YES;
				CLANG_WARN_DEPRECATED_OBJC_IMPLEMENTATIONS = YES;
				CLANG_WARN_DIRECT_OBJC_ISA_USAGE = YES_ERROR;
				CLANG_WARN_DOCUMENTATION_COMMENTS = YES;
				CLANG_WARN_EMPTY_BODY = YES;
				CLANG_WARN_ENUM_CONVERSION = YES;
				CLANG_WARN_INFINITE_RECURSION = YES;
				CLANG_WARN_INT_CONVERSION = YES;
				CLANG_WARN_NON_LITERAL_NULL_CONVERSION = YES;
				CLANG_WARN_OBJC_IMPLICIT_RETAIN_SELF = YES;
				CLANG_WARN_OBJC_LITERAL_CONVERSION = YES;
				CLANG_WARN_OBJC_ROOT_CLASS = YES_ERROR;
				CLANG_WARN_QUOTED_INCLUDE_IN_FRAMEWORK_HEADER = YES;
				CLANG_WARN_RANGE_LOOP_ANALYSIS = YES;
				CLANG_WARN_STRICT_PROTOTYPES = YES;
				CLANG_WARN_SUSPICIOUS_MOVE = YES;
				CLANG_WARN_UNGUARDED_AVAILABILITY = YES_AGGRESSIVE;
				CLANG_WARN_UNREACHABLE_CODE = YES;
				CLANG_WARN__DUPLICATE_METHOD_MATCH = YES;
				COPY_PHASE_STRIP = NO;
				DEBUG_INFORMATION_FORMAT = dwarf;
				ENABLE_STRICT_OBJC_MSGSEND = YES;
				ENABLE_TESTABILITY = YES;
				GCC_C_LANGUAGE_STANDARD = gnu11;
				GCC_DYNAMIC_NO_PIC = NO;
				GCC_NO_COMMON_BLOCKS = YES;
				GCC_OPTIMIZATION_LEVEL = 0;
				GCC_PREPROCESSOR_DEFINITIONS = (
					"DEBUG=1",
					"$(inherited)",
				);
				GCC_WARN_64_TO_32_BIT_CONVERSION = YES;
				GCC_WARN_ABOUT_RETURN_TYPE = YES_ERROR;
				GCC_WARN_UNDECLARED_SELECTOR = YES;
				GCC_WARN_UNINITIALIZED_AUTOS = YES_AGGRESSIVE;
				GCC_WARN_UNUSED_FUNCTION = YES;
				GCC_WARN_UNUSED_VARIABLE = YES;
				IPHONEOS_DEPLOYMENT_TARGET = 15.5;
				MTL_ENABLE_DEBUG_INFO = INCLUDE_SOURCE;
				MTL_FAST_MATH = YES;
				ONLY_ACTIVE_ARCH = YES;
				SDKROOT = iphoneos;
				SWIFT_ACTIVE_COMPILATION_CONDITIONS = DEBUG;
				SWIFT_OPTIMIZATION_LEVEL = "-Onone";
			};
			name = Debug;
		};
		5750492A28CF6B320008F11D /* Release */ = {
			isa = XCBuildConfiguration;
			buildSettings = {
				ALWAYS_SEARCH_USER_PATHS = NO;
				CLANG_ANALYZER_NONNULL = YES;
				CLANG_ANALYZER_NUMBER_OBJECT_CONVERSION = YES_AGGRESSIVE;
				CLANG_CXX_LANGUAGE_STANDARD = "gnu++17";
				CLANG_ENABLE_MODULES = YES;
				CLANG_ENABLE_OBJC_ARC = YES;
				CLANG_ENABLE_OBJC_WEAK = YES;
				CLANG_WARN_BLOCK_CAPTURE_AUTORELEASING = YES;
				CLANG_WARN_BOOL_CONVERSION = YES;
				CLANG_WARN_COMMA = YES;
				CLANG_WARN_CONSTANT_CONVERSION = YES;
				CLANG_WARN_DEPRECATED_OBJC_IMPLEMENTATIONS = YES;
				CLANG_WARN_DIRECT_OBJC_ISA_USAGE = YES_ERROR;
				CLANG_WARN_DOCUMENTATION_COMMENTS = YES;
				CLANG_WARN_EMPTY_BODY = YES;
				CLANG_WARN_ENUM_CONVERSION = YES;
				CLANG_WARN_INFINITE_RECURSION = YES;
				CLANG_WARN_INT_CONVERSION = YES;
				CLANG_WARN_NON_LITERAL_NULL_CONVERSION = YES;
				CLANG_WARN_OBJC_IMPLICIT_RETAIN_SELF = YES;
				CLANG_WARN_OBJC_LITERAL_CONVERSION = YES;
				CLANG_WARN_OBJC_ROOT_CLASS = YES_ERROR;
				CLANG_WARN_QUOTED_INCLUDE_IN_FRAMEWORK_HEADER = YES;
				CLANG_WARN_RANGE_LOOP_ANALYSIS = YES;
				CLANG_WARN_STRICT_PROTOTYPES = YES;
				CLANG_WARN_SUSPICIOUS_MOVE = YES;
				CLANG_WARN_UNGUARDED_AVAILABILITY = YES_AGGRESSIVE;
				CLANG_WARN_UNREACHABLE_CODE = YES;
				CLANG_WARN__DUPLICATE_METHOD_MATCH = YES;
				COPY_PHASE_STRIP = NO;
				DEBUG_INFORMATION_FORMAT = "dwarf-with-dsym";
				ENABLE_NS_ASSERTIONS = NO;
				ENABLE_STRICT_OBJC_MSGSEND = YES;
				GCC_C_LANGUAGE_STANDARD = gnu11;
				GCC_NO_COMMON_BLOCKS = YES;
				GCC_WARN_64_TO_32_BIT_CONVERSION = YES;
				GCC_WARN_ABOUT_RETURN_TYPE = YES_ERROR;
				GCC_WARN_UNDECLARED_SELECTOR = YES;
				GCC_WARN_UNINITIALIZED_AUTOS = YES_AGGRESSIVE;
				GCC_WARN_UNUSED_FUNCTION = YES;
				GCC_WARN_UNUSED_VARIABLE = YES;
				IPHONEOS_DEPLOYMENT_TARGET = 15.5;
				MTL_ENABLE_DEBUG_INFO = NO;
				MTL_FAST_MATH = YES;
				SDKROOT = iphoneos;
				SWIFT_COMPILATION_MODE = wholemodule;
				SWIFT_OPTIMIZATION_LEVEL = "-O";
				VALIDATE_PRODUCT = YES;
			};
			name = Release;
		};
		5750492C28CF6B320008F11D /* Debug */ = {
			isa = XCBuildConfiguration;
			buildSettings = {
				ASSETCATALOG_COMPILER_APPICON_NAME = AppIcon;
				ASSETCATALOG_COMPILER_GLOBAL_ACCENT_COLOR_NAME = AccentColor;
				CODE_SIGN_STYLE = Automatic;
				CURRENT_PROJECT_VERSION = 1;
				DEVELOPMENT_TEAM = NM2S86642U;
				GENERATE_INFOPLIST_FILE = YES;
				INFOPLIST_FILE = "Tiny Chat/Info.plist";
				INFOPLIST_KEY_UIApplicationSupportsIndirectInputEvents = YES;
				INFOPLIST_KEY_UILaunchStoryboardName = LaunchScreen;
				INFOPLIST_KEY_UIMainStoryboardFile = Main;
				INFOPLIST_KEY_UISupportedInterfaceOrientations_iPad = "UIInterfaceOrientationPortrait UIInterfaceOrientationPortraitUpsideDown UIInterfaceOrientationLandscapeLeft UIInterfaceOrientationLandscapeRight";
				INFOPLIST_KEY_UISupportedInterfaceOrientations_iPhone = "UIInterfaceOrientationPortrait UIInterfaceOrientationLandscapeLeft UIInterfaceOrientationLandscapeRight";
				LD_RUNPATH_SEARCH_PATHS = (
					"$(inherited)",
					"@executable_path/Frameworks",
				);
				MARKETING_VERSION = 1.0;
				PRODUCT_BUNDLE_IDENTIFIER = "com.wonil-oliver.Tiny-Chat";
				PRODUCT_NAME = "$(TARGET_NAME)";
				SWIFT_EMIT_LOC_STRINGS = YES;
				SWIFT_VERSION = 5.0;
				TARGETED_DEVICE_FAMILY = "1,2";
			};
			name = Debug;
		};
		5750492D28CF6B320008F11D /* Release */ = {
			isa = XCBuildConfiguration;
			buildSettings = {
				ASSETCATALOG_COMPILER_APPICON_NAME = AppIcon;
				ASSETCATALOG_COMPILER_GLOBAL_ACCENT_COLOR_NAME = AccentColor;
				CODE_SIGN_STYLE = Automatic;
				CURRENT_PROJECT_VERSION = 1;
				DEVELOPMENT_TEAM = NM2S86642U;
				GENERATE_INFOPLIST_FILE = YES;
				INFOPLIST_FILE = "Tiny Chat/Info.plist";
				INFOPLIST_KEY_UIApplicationSupportsIndirectInputEvents = YES;
				INFOPLIST_KEY_UILaunchStoryboardName = LaunchScreen;
				INFOPLIST_KEY_UIMainStoryboardFile = Main;
				INFOPLIST_KEY_UISupportedInterfaceOrientations_iPad = "UIInterfaceOrientationPortrait UIInterfaceOrientationPortraitUpsideDown UIInterfaceOrientationLandscapeLeft UIInterfaceOrientationLandscapeRight";
				INFOPLIST_KEY_UISupportedInterfaceOrientations_iPhone = "UIInterfaceOrientationPortrait UIInterfaceOrientationLandscapeLeft UIInterfaceOrientationLandscapeRight";
				LD_RUNPATH_SEARCH_PATHS = (
					"$(inherited)",
					"@executable_path/Frameworks",
				);
				MARKETING_VERSION = 1.0;
				PRODUCT_BUNDLE_IDENTIFIER = "com.wonil-oliver.Tiny-Chat";
				PRODUCT_NAME = "$(TARGET_NAME)";
				SWIFT_EMIT_LOC_STRINGS = YES;
				SWIFT_VERSION = 5.0;
				TARGETED_DEVICE_FAMILY = "1,2";
			};
			name = Release;
		};
/* End XCBuildConfiguration section */

/* Begin XCConfigurationList section */
		5750490F28CF6B320008F11D /* Build configuration list for PBXProject "Tiny Chat" */ = {
			isa = XCConfigurationList;
			buildConfigurations = (
				5750492928CF6B320008F11D /* Debug */,
				5750492A28CF6B320008F11D /* Release */,
			);
			defaultConfigurationIsVisible = 0;
			defaultConfigurationName = Release;
		};
		5750492B28CF6B320008F11D /* Build configuration list for PBXNativeTarget "Tiny Chat" */ = {
			isa = XCConfigurationList;
			buildConfigurations = (
				5750492C28CF6B320008F11D /* Debug */,
				5750492D28CF6B320008F11D /* Release */,
			);
			defaultConfigurationIsVisible = 0;
			defaultConfigurationName = Release;
		};
/* End XCConfigurationList section */

/* Begin XCRemoteSwiftPackageReference section */
		57FDD43428DAF72F00289ADC /* XCRemoteSwiftPackageReference "IQKeyboardManager" */ = {
			isa = XCRemoteSwiftPackageReference;
			repositoryURL = "https://github.com/hackiftekhar/IQKeyboardManager.git";
			requirement = {
				kind = exactVersion;
				version = 6.5.0;
			};
		};
		57FDD43728DAF79500289ADC /* XCRemoteSwiftPackageReference "firebase-ios-sdk" */ = {
			isa = XCRemoteSwiftPackageReference;
			repositoryURL = "https://github.com/firebase/firebase-ios-sdk";
			requirement = {
				kind = exactVersion;
				version = 9.6.0;
			};
		};
/* End XCRemoteSwiftPackageReference section */

/* Begin XCSwiftPackageProductDependency section */
		57FDD43528DAF72F00289ADC /* IQKeyboardManagerSwift */ = {
			isa = XCSwiftPackageProductDependency;
			package = 57FDD43428DAF72F00289ADC /* XCRemoteSwiftPackageReference "IQKeyboardManager" */;
			productName = IQKeyboardManagerSwift;
		};
		57FDD43828DAF79500289ADC /* FirebaseAnalytics */ = {
			isa = XCSwiftPackageProductDependency;
			package = 57FDD43728DAF79500289ADC /* XCRemoteSwiftPackageReference "firebase-ios-sdk" */;
			productName = FirebaseAnalytics;
		};
		57FDD43A28DAF79500289ADC /* FirebaseAnalyticsSwift */ = {
			isa = XCSwiftPackageProductDependency;
			package = 57FDD43728DAF79500289ADC /* XCRemoteSwiftPackageReference "firebase-ios-sdk" */;
			productName = FirebaseAnalyticsSwift;
		};
		57FDD43C28DAF79500289ADC /* FirebaseAuth */ = {
			isa = XCSwiftPackageProductDependency;
			package = 57FDD43728DAF79500289ADC /* XCRemoteSwiftPackageReference "firebase-ios-sdk" */;
			productName = FirebaseAuth;
		};
		57FDD43E28DAF79500289ADC /* FirebaseDatabase */ = {
			isa = XCSwiftPackageProductDependency;
			package = 57FDD43728DAF79500289ADC /* XCRemoteSwiftPackageReference "firebase-ios-sdk" */;
			productName = FirebaseDatabase;
		};
		57FDD44028DAF79500289ADC /* FirebaseDatabaseSwift */ = {
			isa = XCSwiftPackageProductDependency;
			package = 57FDD43728DAF79500289ADC /* XCRemoteSwiftPackageReference "firebase-ios-sdk" */;
			productName = FirebaseDatabaseSwift;
		};
		57FDD44228DAF79500289ADC /* FirebaseFirestore */ = {
			isa = XCSwiftPackageProductDependency;
			package = 57FDD43728DAF79500289ADC /* XCRemoteSwiftPackageReference "firebase-ios-sdk" */;
			productName = FirebaseFirestore;
		};
		57FDD44428DAF79500289ADC /* FirebaseFirestoreSwift */ = {
			isa = XCSwiftPackageProductDependency;
			package = 57FDD43728DAF79500289ADC /* XCRemoteSwiftPackageReference "firebase-ios-sdk" */;
			productName = FirebaseFirestoreSwift;
		};
		57FDD44628DAF79500289ADC /* FirebaseMessaging */ = {
			isa = XCSwiftPackageProductDependency;
			package = 57FDD43728DAF79500289ADC /* XCRemoteSwiftPackageReference "firebase-ios-sdk" */;
			productName = FirebaseMessaging;
		};
		57FDD44828DAF79500289ADC /* FirebaseStorage */ = {
			isa = XCSwiftPackageProductDependency;
			package = 57FDD43728DAF79500289ADC /* XCRemoteSwiftPackageReference "firebase-ios-sdk" */;
			productName = FirebaseStorage;
		};
/* End XCSwiftPackageProductDependency section */

/* Begin XCVersionGroup section */
		5750492028CF6B320008F11D /* Tiny_Chat.xcdatamodeld */ = {
			isa = XCVersionGroup;
			children = (
				5750492128CF6B320008F11D /* Tiny_Chat.xcdatamodel */,
			);
			currentVersion = 5750492128CF6B320008F11D /* Tiny_Chat.xcdatamodel */;
			path = Tiny_Chat.xcdatamodeld;
			sourceTree = "<group>";
			versionGroupType = wrapper.xcdatamodel;
		};
/* End XCVersionGroup section */
	};
	rootObject = 5750490C28CF6B320008F11D /* Project object */;
}
